
Microsoft Visual Studio Solution File, Format Version 12.00
# Visual Studio 15
VisualStudioVersion = 15.0.28307.539
MinimumVisualStudioVersion = 10.0.40219.1
Project("{FAE04EC0-301F-11D3-BF4B-00C04F79EFBC}") = "Actio.Api", "Actio.Api\Actio.Api.csproj", "{CDCEF013-7F86-448C-ADEE-E2DBD7D45180}"
EndProject
Project("{FAE04EC0-301F-11D3-BF4B-00C04F79EFBC}") = "Actio.Services.Identity", "Actio.Services.Identity\Actio.Services.Identity.csproj", "{40C811AB-6782-49B3-8584-CA8028742C5A}"
EndProject
Project("{FAE04EC0-301F-11D3-BF4B-00C04F79EFBC}") = "Actio.Services.Activities", "Actio.Services.Activities\Actio.Services.Activities.csproj", "{7C5FBA9A-D4FC-47A2-B6B6-A4D4153EF056}"
EndProject
Project("{FAE04EC0-301F-11D3-BF4B-00C04F79EFBC}") = "Actio.Common", "Actio.Common\Actio.Common.csproj", "{AA35C36A-620A-478C-A7D6-F9B12B052F3E}"
EndProject
Global
	GlobalSection(SolutionConfigurationPlatforms) = preSolution
		Debug|Any CPU = Debug|Any CPU
		Release|Any CPU = Release|Any CPU
	EndGlobalSection
	GlobalSection(ProjectConfigurationPlatforms) = postSolution
		{CDCEF013-7F86-448C-ADEE-E2DBD7D45180}.Debug|Any CPU.ActiveCfg = Debug|Any CPU
		{CDCEF013-7F86-448C-ADEE-E2DBD7D45180}.Debug|Any CPU.Build.0 = Debug|Any CPU
		{CDCEF013-7F86-448C-ADEE-E2DBD7D45180}.Release|Any CPU.ActiveCfg = Release|Any CPU
		{CDCEF013-7F86-448C-ADEE-E2DBD7D45180}.Release|Any CPU.Build.0 = Release|Any CPU
		{40C811AB-6782-49B3-8584-CA8028742C5A}.Debug|Any CPU.ActiveCfg = Debug|Any CPU
		{40C811AB-6782-49B3-8584-CA8028742C5A}.Debug|Any CPU.Build.0 = Debug|Any CPU
		{40C811AB-6782-49B3-8584-CA8028742C5A}.Release|Any CPU.ActiveCfg = Release|Any CPU
		{40C811AB-6782-49B3-8584-CA8028742C5A}.Release|Any CPU.Build.0 = Release|Any CPU
		{7C5FBA9A-D4FC-47A2-B6B6-A4D4153EF056}.Debug|Any CPU.ActiveCfg = Debug|Any CPU
		{7C5FBA9A-D4FC-47A2-B6B6-A4D4153EF056}.Debug|Any CPU.Build.0 = Debug|Any CPU
		{7C5FBA9A-D4FC-47A2-B6B6-A4D4153EF056}.Release|Any CPU.ActiveCfg = Release|Any CPU
		{7C5FBA9A-D4FC-47A2-B6B6-A4D4153EF056}.Release|Any CPU.Build.0 = Release|Any CPU
		{AA35C36A-620A-478C-A7D6-F9B12B052F3E}.Debug|Any CPU.ActiveCfg = Debug|Any CPU
		{AA35C36A-620A-478C-A7D6-F9B12B052F3E}.Debug|Any CPU.Build.0 = Debug|Any CPU
		{AA35C36A-620A-478C-A7D6-F9B12B052F3E}.Release|Any CPU.ActiveCfg = Release|Any CPU
		{AA35C36A-620A-478C-A7D6-F9B12B052F3E}.Release|Any CPU.Build.0 = Release|Any CPU
	EndGlobalSection
	GlobalSection(SolutionProperties) = preSolution
		HideSolutionNode = FALSE
	EndGlobalSection
	GlobalSection(ExtensibilityGlobals) = postSolution
		SolutionGuid = {A30E1C62-CA5C-42B2-A7F5-EE54FCCAA05A}
	EndGlobalSection
EndGlobal
